// !$*UTF8*$!
{
	archiveVersion = 1;
	classes = {
	};
	objectVersion = 56;
	objects = {

/* Begin PBXBuildFile section */
		752FED432C2B304600B3B477 /* africaApp.swift in Sources */ = {isa = PBXBuildFile; fileRef = 752FED422C2B304600B3B477 /* africaApp.swift */; };
		752FED452C2B304600B3B477 /* ContentView.swift in Sources */ = {isa = PBXBuildFile; fileRef = 752FED442C2B304600B3B477 /* ContentView.swift */; };
		752FED472C2B304700B3B477 /* Assets.xcassets in Resources */ = {isa = PBXBuildFile; fileRef = 752FED462C2B304700B3B477 /* Assets.xcassets */; };
		752FED4A2C2B304700B3B477 /* Preview Assets.xcassets in Resources */ = {isa = PBXBuildFile; fileRef = 752FED492C2B304700B3B477 /* Preview Assets.xcassets */; };
		752FED602C2B32F300B3B477 /* locations.json in Resources */ = {isa = PBXBuildFile; fileRef = 752FED5C2C2B32F300B3B477 /* locations.json */; };
		752FED612C2B32F300B3B477 /* animals.json in Resources */ = {isa = PBXBuildFile; fileRef = 752FED5D2C2B32F300B3B477 /* animals.json */; };
		752FED622C2B32F300B3B477 /* covers.json in Resources */ = {isa = PBXBuildFile; fileRef = 752FED5E2C2B32F300B3B477 /* covers.json */; };
		752FED632C2B32F300B3B477 /* videos.json in Resources */ = {isa = PBXBuildFile; fileRef = 752FED5F2C2B32F300B3B477 /* videos.json */; };
		752FED6D2C2B358C00B3B477 /* TabController.swift in Sources */ = {isa = PBXBuildFile; fileRef = 752FED6C2C2B358C00B3B477 /* TabController.swift */; };
		752FED6F2C2B359700B3B477 /* GalleryView.swift in Sources */ = {isa = PBXBuildFile; fileRef = 752FED6E2C2B359700B3B477 /* GalleryView.swift */; };
		752FED712C2B359E00B3B477 /* MapListView.swift in Sources */ = {isa = PBXBuildFile; fileRef = 752FED702C2B359E00B3B477 /* MapListView.swift */; };
		752FED732C2B35FF00B3B477 /* VideoListView.swift in Sources */ = {isa = PBXBuildFile; fileRef = 752FED722C2B35FF00B3B477 /* VideoListView.swift */; };
		752FED752C2B36F700B3B477 /* Launch Screen.storyboard in Resources */ = {isa = PBXBuildFile; fileRef = 752FED742C2B36F600B3B477 /* Launch Screen.storyboard */; };
		759FAD522C2B5E8D0023EF09 /* CoverImageView.swift in Sources */ = {isa = PBXBuildFile; fileRef = 759FAD512C2B5E8D0023EF09 /* CoverImageView.swift */; };
		759FAD552C2B69C10023EF09 /* CoverImage.swift in Sources */ = {isa = PBXBuildFile; fileRef = 759FAD542C2B69C10023EF09 /* CoverImage.swift */; };
		759FAD582C2B6A070023EF09 /* CodableBundleExtension.swift in Sources */ = {isa = PBXBuildFile; fileRef = 759FAD572C2B6A070023EF09 /* CodableBundleExtension.swift */; };
/* End PBXBuildFile section */

/* Begin PBXFileReference section */
		752FED3F2C2B304600B3B477 /* africa.app */ = {isa = PBXFileReference; explicitFileType = wrapper.application; includeInIndex = 0; path = africa.app; sourceTree = BUILT_PRODUCTS_DIR; };
		752FED422C2B304600B3B477 /* africaApp.swift */ = {isa = PBXFileReference; lastKnownFileType = sourcecode.swift; path = africaApp.swift; sourceTree = "<group>"; };
		752FED442C2B304600B3B477 /* ContentView.swift */ = {isa = PBXFileReference; lastKnownFileType = sourcecode.swift; path = ContentView.swift; sourceTree = "<group>"; };
		752FED462C2B304700B3B477 /* Assets.xcassets */ = {isa = PBXFileReference; lastKnownFileType = folder.assetcatalog; path = Assets.xcassets; sourceTree = "<group>"; };
		752FED492C2B304700B3B477 /* Preview Assets.xcassets */ = {isa = PBXFileReference; lastKnownFileType = folder.assetcatalog; path = "Preview Assets.xcassets"; sourceTree = "<group>"; };
		752FED512C2B32CC00B3B477 /* elephant.mp4 */ = {isa = PBXFileReference; lastKnownFileType = file; path = elephant.mp4; sourceTree = "<group>"; };
		752FED522C2B32CC00B3B477 /* cheetah.mp4 */ = {isa = PBXFileReference; lastKnownFileType = file; path = cheetah.mp4; sourceTree = "<group>"; };
		752FED532C2B32CC00B3B477 /* hippo.mp4 */ = {isa = PBXFileReference; lastKnownFileType = file; path = hippo.mp4; sourceTree = "<group>"; };
		752FED542C2B32CC00B3B477 /* lioness.mp4 */ = {isa = PBXFileReference; lastKnownFileType = file; path = lioness.mp4; sourceTree = "<group>"; };
		752FED552C2B32CC00B3B477 /* ostrich.mp4 */ = {isa = PBXFileReference; lastKnownFileType = file; path = ostrich.mp4; sourceTree = "<group>"; };
		752FED562C2B32CC00B3B477 /* gorilla.mp4 */ = {isa = PBXFileReference; lastKnownFileType = file; path = gorilla.mp4; sourceTree = "<group>"; };
		752FED572C2B32CD00B3B477 /* giraffe.mp4 */ = {isa = PBXFileReference; lastKnownFileType = file; path = giraffe.mp4; sourceTree = "<group>"; };
		752FED582C2B32CD00B3B477 /* lion.mp4 */ = {isa = PBXFileReference; lastKnownFileType = file; path = lion.mp4; sourceTree = "<group>"; };
		752FED592C2B32CD00B3B477 /* zebra.mp4 */ = {isa = PBXFileReference; lastKnownFileType = file; path = zebra.mp4; sourceTree = "<group>"; };
		752FED5A2C2B32CD00B3B477 /* rhino.mp4 */ = {isa = PBXFileReference; lastKnownFileType = file; path = rhino.mp4; sourceTree = "<group>"; };
		752FED5C2C2B32F300B3B477 /* locations.json */ = {isa = PBXFileReference; fileEncoding = 4; lastKnownFileType = text.json; path = locations.json; sourceTree = "<group>"; };
		752FED5D2C2B32F300B3B477 /* animals.json */ = {isa = PBXFileReference; fileEncoding = 4; lastKnownFileType = text.json; path = animals.json; sourceTree = "<group>"; };
		752FED5E2C2B32F300B3B477 /* covers.json */ = {isa = PBXFileReference; fileEncoding = 4; lastKnownFileType = text.json; path = covers.json; sourceTree = "<group>"; };
		752FED5F2C2B32F300B3B477 /* videos.json */ = {isa = PBXFileReference; fileEncoding = 4; lastKnownFileType = text.json; path = videos.json; sourceTree = "<group>"; };
		752FED642C2B343A00B3B477 /* Info.plist */ = {isa = PBXFileReference; lastKnownFileType = text.plist; path = Info.plist; sourceTree = "<group>"; };
		752FED6C2C2B358C00B3B477 /* TabController.swift */ = {isa = PBXFileReference; lastKnownFileType = sourcecode.swift; path = TabController.swift; sourceTree = "<group>"; };
		752FED6E2C2B359700B3B477 /* GalleryView.swift */ = {isa = PBXFileReference; lastKnownFileType = sourcecode.swift; path = GalleryView.swift; sourceTree = "<group>"; };
		752FED702C2B359E00B3B477 /* MapListView.swift */ = {isa = PBXFileReference; lastKnownFileType = sourcecode.swift; path = MapListView.swift; sourceTree = "<group>"; };
		752FED722C2B35FF00B3B477 /* VideoListView.swift */ = {isa = PBXFileReference; lastKnownFileType = sourcecode.swift; path = VideoListView.swift; sourceTree = "<group>"; };
		752FED742C2B36F600B3B477 /* Launch Screen.storyboard */ = {isa = PBXFileReference; lastKnownFileType = file.storyboard; path = "Launch Screen.storyboard"; sourceTree = "<group>"; };
		759FAD512C2B5E8D0023EF09 /* CoverImageView.swift */ = {isa = PBXFileReference; lastKnownFileType = sourcecode.swift; path = CoverImageView.swift; sourceTree = "<group>"; };
		759FAD542C2B69C10023EF09 /* CoverImage.swift */ = {isa = PBXFileReference; lastKnownFileType = sourcecode.swift; path = CoverImage.swift; sourceTree = "<group>"; };
		759FAD572C2B6A070023EF09 /* CodableBundleExtension.swift */ = {isa = PBXFileReference; lastKnownFileType = sourcecode.swift; path = CodableBundleExtension.swift; sourceTree = "<group>"; };
/* End PBXFileReference section */

/* Begin PBXFrameworksBuildPhase section */
		752FED3C2C2B304600B3B477 /* Frameworks */ = {
			isa = PBXFrameworksBuildPhase;
			buildActionMask = 2147483647;
			files = (
			);
			runOnlyForDeploymentPostprocessing = 0;
		};
/* End PBXFrameworksBuildPhase section */

/* Begin PBXGroup section */
		752FED362C2B304500B3B477 = {
			isa = PBXGroup;
			children = (
				752FED412C2B304600B3B477 /* africa */,
				752FED402C2B304600B3B477 /* Products */,
			);
			sourceTree = "<group>";
		};
		752FED402C2B304600B3B477 /* Products */ = {
			isa = PBXGroup;
			children = (
				752FED3F2C2B304600B3B477 /* africa.app */,
			);
			name = Products;
			sourceTree = "<group>";
		};
		752FED412C2B304600B3B477 /* africa */ = {
			isa = PBXGroup;
			children = (
				752FED742C2B36F600B3B477 /* Launch Screen.storyboard */,
				759FAD562C2B69EE0023EF09 /* Extension */,
				759FAD532C2B69B80023EF09 /* Model */,
				759FAD502C2B5E7E0023EF09 /* Component */,
				752FED652C2B354900B3B477 /* View */,
				752FED642C2B343A00B3B477 /* Info.plist */,
				752FED5B2C2B32E500B3B477 /* Data */,
				752FED502C2B32BA00B3B477 /* Video */,
				752FED442C2B304600B3B477 /* ContentView.swift */,
				752FED462C2B304700B3B477 /* Assets.xcassets */,
				752FED482C2B304700B3B477 /* Preview Content */,
			);
			path = africa;
			sourceTree = "<group>";
		};
		752FED482C2B304700B3B477 /* Preview Content */ = {
			isa = PBXGroup;
			children = (
				752FED492C2B304700B3B477 /* Preview Assets.xcassets */,
			);
			path = "Preview Content";
			sourceTree = "<group>";
		};
		752FED502C2B32BA00B3B477 /* Video */ = {
			isa = PBXGroup;
			children = (
				752FED522C2B32CC00B3B477 /* cheetah.mp4 */,
				752FED512C2B32CC00B3B477 /* elephant.mp4 */,
				752FED572C2B32CD00B3B477 /* giraffe.mp4 */,
				752FED562C2B32CC00B3B477 /* gorilla.mp4 */,
				752FED532C2B32CC00B3B477 /* hippo.mp4 */,
				752FED582C2B32CD00B3B477 /* lion.mp4 */,
				752FED542C2B32CC00B3B477 /* lioness.mp4 */,
				752FED552C2B32CC00B3B477 /* ostrich.mp4 */,
				752FED5A2C2B32CD00B3B477 /* rhino.mp4 */,
				752FED592C2B32CD00B3B477 /* zebra.mp4 */,
			);
			path = Video;
			sourceTree = "<group>";
		};
		752FED5B2C2B32E500B3B477 /* Data */ = {
			isa = PBXGroup;
			children = (
				752FED5D2C2B32F300B3B477 /* animals.json */,
				752FED5E2C2B32F300B3B477 /* covers.json */,
				752FED5C2C2B32F300B3B477 /* locations.json */,
				752FED5F2C2B32F300B3B477 /* videos.json */,
			);
			path = Data;
			sourceTree = "<group>";
		};
		752FED652C2B354900B3B477 /* View */ = {
			isa = PBXGroup;
			children = (
				752FED6A2C2B357300B3B477 /* Video */,
				752FED692C2B356D00B3B477 /* Map */,
				752FED682C2B356200B3B477 /* Gallery */,
				752FED672C2B355500B3B477 /* App */,
				752FED662C2B354E00B3B477 /* Tab */,
			);
			path = View;
			sourceTree = "<group>";
		};
		752FED662C2B354E00B3B477 /* Tab */ = {
			isa = PBXGroup;
			children = (
				752FED6C2C2B358C00B3B477 /* TabController.swift */,
			);
			path = Tab;
			sourceTree = "<group>";
		};
		752FED672C2B355500B3B477 /* App */ = {
			isa = PBXGroup;
			children = (
				752FED422C2B304600B3B477 /* africaApp.swift */,
			);
			path = App;
			sourceTree = "<group>";
		};
		752FED682C2B356200B3B477 /* Gallery */ = {
			isa = PBXGroup;
			children = (
				752FED6E2C2B359700B3B477 /* GalleryView.swift */,
			);
			path = Gallery;
			sourceTree = "<group>";
		};
		752FED692C2B356D00B3B477 /* Map */ = {
			isa = PBXGroup;
			children = (
				752FED702C2B359E00B3B477 /* MapListView.swift */,
			);
			path = Map;
			sourceTree = "<group>";
		};
		752FED6A2C2B357300B3B477 /* Video */ = {
			isa = PBXGroup;
			children = (
				752FED722C2B35FF00B3B477 /* VideoListView.swift */,
			);
			path = Video;
			sourceTree = "<group>";
		};
		759FAD502C2B5E7E0023EF09 /* Component */ = {
			isa = PBXGroup;
			children = (
				759FAD512C2B5E8D0023EF09 /* CoverImageView.swift */,
			);
			path = Component;
			sourceTree = "<group>";
		};
		759FAD532C2B69B80023EF09 /* Model */ = {
			isa = PBXGroup;
			children = (
				759FAD542C2B69C10023EF09 /* CoverImage.swift */,
			);
			path = Model;
			sourceTree = "<group>";
		};
		759FAD562C2B69EE0023EF09 /* Extension */ = {
			isa = PBXGroup;
			children = (
				759FAD572C2B6A070023EF09 /* CodableBundleExtension.swift */,
			);
			path = Extension;
			sourceTree = "<group>";
		};
/* End PBXGroup section */

/* Begin PBXNativeTarget section */
		752FED3E2C2B304600B3B477 /* africa */ = {
			isa = PBXNativeTarget;
			buildConfigurationList = 752FED4D2C2B304700B3B477 /* Build configuration list for PBXNativeTarget "africa" */;
			buildPhases = (
				752FED3B2C2B304600B3B477 /* Sources */,
				752FED3C2C2B304600B3B477 /* Frameworks */,
				752FED3D2C2B304600B3B477 /* Resources */,
			);
			buildRules = (
			);
			dependencies = (
			);
			name = africa;
			productName = africa;
			productReference = 752FED3F2C2B304600B3B477 /* africa.app */;
			productType = "com.apple.product-type.application";
		};
/* End PBXNativeTarget section */

/* Begin PBXProject section */
		752FED372C2B304500B3B477 /* Project object */ = {
			isa = PBXProject;
			attributes = {
				BuildIndependentTargetsInParallel = 1;
				LastSwiftUpdateCheck = 1540;
				LastUpgradeCheck = 1540;
				TargetAttributes = {
					752FED3E2C2B304600B3B477 = {
						CreatedOnToolsVersion = 15.4;
					};
				};
			};
			buildConfigurationList = 752FED3A2C2B304600B3B477 /* Build configuration list for PBXProject "africa" */;
			compatibilityVersion = "Xcode 14.0";
			developmentRegion = en;
			hasScannedForEncodings = 0;
			knownRegions = (
				en,
				Base,
			);
			mainGroup = 752FED362C2B304500B3B477;
			productRefGroup = 752FED402C2B304600B3B477 /* Products */;
			projectDirPath = "";
			projectRoot = "";
			targets = (
				752FED3E2C2B304600B3B477 /* africa */,
			);
		};
/* End PBXProject section */

/* Begin PBXResourcesBuildPhase section */
		752FED3D2C2B304600B3B477 /* Resources */ = {
			isa = PBXResourcesBuildPhase;
			buildActionMask = 2147483647;
			files = (
				752FED622C2B32F300B3B477 /* covers.json in Resources */,
				752FED4A2C2B304700B3B477 /* Preview Assets.xcassets in Resources */,
				752FED612C2B32F300B3B477 /* animals.json in Resources */,
				752FED602C2B32F300B3B477 /* locations.json in Resources */,
				752FED472C2B304700B3B477 /* Assets.xcassets in Resources */,
				752FED632C2B32F300B3B477 /* videos.json in Resources */,
				752FED752C2B36F700B3B477 /* Launch Screen.storyboard in Resources */,
			);
			runOnlyForDeploymentPostprocessing = 0;
		};
/* End PBXResourcesBuildPhase section */

/* Begin PBXSourcesBuildPhase section */
		752FED3B2C2B304600B3B477 /* Sources */ = {
			isa = PBXSourcesBuildPhase;
			buildActionMask = 2147483647;
			files = (
				752FED452C2B304600B3B477 /* ContentView.swift in Sources */,
				752FED6D2C2B358C00B3B477 /* TabController.swift in Sources */,
				759FAD522C2B5E8D0023EF09 /* CoverImageView.swift in Sources */,
				752FED732C2B35FF00B3B477 /* VideoListView.swift in Sources */,
				752FED432C2B304600B3B477 /* africaApp.swift in Sources */,
				759FAD552C2B69C10023EF09 /* CoverImage.swift in Sources */,
				752FED6F2C2B359700B3B477 /* GalleryView.swift in Sources */,
				752FED712C2B359E00B3B477 /* MapListView.swift in Sources */,
				759FAD582C2B6A070023EF09 /* CodableBundleExtension.swift in Sources */,
			);
			runOnlyForDeploymentPostprocessing = 0;
		};
/* End PBXSourcesBuildPhase section */

/* Begin XCBuildConfiguration section */
		752FED4B2C2B304700B3B477 /* Debug */ = {
			isa = XCBuildConfiguration;
			buildSettings = {
				ALWAYS_SEARCH_USER_PATHS = NO;
				ASSETCATALOG_COMPILER_GENERATE_SWIFT_ASSET_SYMBOL_EXTENSIONS = YES;
				CLANG_ANALYZER_NONNULL = YES;
				CLANG_ANALYZER_NUMBER_OBJECT_CONVERSION = YES_AGGRESSIVE;
				CLANG_CXX_LANGUAGE_STANDARD = "gnu++20";
				CLANG_ENABLE_MODULES = YES;
				CLANG_ENABLE_OBJC_ARC = YES;
				CLANG_ENABLE_OBJC_WEAK = YES;
				CLANG_WARN_BLOCK_CAPTURE_AUTORELEASING = YES;
				CLANG_WARN_BOOL_CONVERSION = YES;
				CLANG_WARN_COMMA = YES;
				CLANG_WARN_CONSTANT_CONVERSION = YES;
				CLANG_WARN_DEPRECATED_OBJC_IMPLEMENTATIONS = YES;
				CLANG_WARN_DIRECT_OBJC_ISA_USAGE = YES_ERROR;
				CLANG_WARN_DOCUMENTATION_COMMENTS = YES;
				CLANG_WARN_EMPTY_BODY = YES;
				CLANG_WARN_ENUM_CONVERSION = YES;
				CLANG_WARN_INFINITE_RECURSION = YES;
				CLANG_WARN_INT_CONVERSION = YES;
				CLANG_WARN_NON_LITERAL_NULL_CONVERSION = YES;
				CLANG_WARN_OBJC_IMPLICIT_RETAIN_SELF = YES;
				CLANG_WARN_OBJC_LITERAL_CONVERSION = YES;
				CLANG_WARN_OBJC_ROOT_CLASS = YES_ERROR;
				CLANG_WARN_QUOTED_INCLUDE_IN_FRAMEWORK_HEADER = YES;
				CLANG_WARN_RANGE_LOOP_ANALYSIS = YES;
				CLANG_WARN_STRICT_PROTOTYPES = YES;
				CLANG_WARN_SUSPICIOUS_MOVE = YES;
				CLANG_WARN_UNGUARDED_AVAILABILITY = YES_AGGRESSIVE;
				CLANG_WARN_UNREACHABLE_CODE = YES;
				CLANG_WARN__DUPLICATE_METHOD_MATCH = YES;
				COPY_PHASE_STRIP = NO;
				DEBUG_INFORMATION_FORMAT = dwarf;
				ENABLE_STRICT_OBJC_MSGSEND = YES;
				ENABLE_TESTABILITY = YES;
				ENABLE_USER_SCRIPT_SANDBOXING = YES;
				GCC_C_LANGUAGE_STANDARD = gnu17;
				GCC_DYNAMIC_NO_PIC = NO;
				GCC_NO_COMMON_BLOCKS = YES;
				GCC_OPTIMIZATION_LEVEL = 0;
				GCC_PREPROCESSOR_DEFINITIONS = (
					"DEBUG=1",
					"$(inherited)",
				);
				GCC_WARN_64_TO_32_BIT_CONVERSION = YES;
				GCC_WARN_ABOUT_RETURN_TYPE = YES_ERROR;
				GCC_WARN_UNDECLARED_SELECTOR = YES;
				GCC_WARN_UNINITIALIZED_AUTOS = YES_AGGRESSIVE;
				GCC_WARN_UNUSED_FUNCTION = YES;
				GCC_WARN_UNUSED_VARIABLE = YES;
				IPHONEOS_DEPLOYMENT_TARGET = 17.5;
				LOCALIZATION_PREFERS_STRING_CATALOGS = YES;
				MTL_ENABLE_DEBUG_INFO = INCLUDE_SOURCE;
				MTL_FAST_MATH = YES;
				ONLY_ACTIVE_ARCH = YES;
				SDKROOT = iphoneos;
				SWIFT_ACTIVE_COMPILATION_CONDITIONS = "DEBUG $(inherited)";
				SWIFT_OPTIMIZATION_LEVEL = "-Onone";
			};
			name = Debug;
		};
		752FED4C2C2B304700B3B477 /* Release */ = {
			isa = XCBuildConfiguration;
			buildSettings = {
				ALWAYS_SEARCH_USER_PATHS = NO;
				ASSETCATALOG_COMPILER_GENERATE_SWIFT_ASSET_SYMBOL_EXTENSIONS = YES;
				CLANG_ANALYZER_NONNULL = YES;
				CLANG_ANALYZER_NUMBER_OBJECT_CONVERSION = YES_AGGRESSIVE;
				CLANG_CXX_LANGUAGE_STANDARD = "gnu++20";
				CLANG_ENABLE_MODULES = YES;
				CLANG_ENABLE_OBJC_ARC = YES;
				CLANG_ENABLE_OBJC_WEAK = YES;
				CLANG_WARN_BLOCK_CAPTURE_AUTORELEASING = YES;
				CLANG_WARN_BOOL_CONVERSION = YES;
				CLANG_WARN_COMMA = YES;
				CLANG_WARN_CONSTANT_CONVERSION = YES;
				CLANG_WARN_DEPRECATED_OBJC_IMPLEMENTATIONS = YES;
				CLANG_WARN_DIRECT_OBJC_ISA_USAGE = YES_ERROR;
				CLANG_WARN_DOCUMENTATION_COMMENTS = YES;
				CLANG_WARN_EMPTY_BODY = YES;
				CLANG_WARN_ENUM_CONVERSION = YES;
				CLANG_WARN_INFINITE_RECURSION = YES;
				CLANG_WARN_INT_CONVERSION = YES;
				CLANG_WARN_NON_LITERAL_NULL_CONVERSION = YES;
				CLANG_WARN_OBJC_IMPLICIT_RETAIN_SELF = YES;
				CLANG_WARN_OBJC_LITERAL_CONVERSION = YES;
				CLANG_WARN_OBJC_ROOT_CLASS = YES_ERROR;
				CLANG_WARN_QUOTED_INCLUDE_IN_FRAMEWORK_HEADER = YES;
				CLANG_WARN_RANGE_LOOP_ANALYSIS = YES;
				CLANG_WARN_STRICT_PROTOTYPES = YES;
				CLANG_WARN_SUSPICIOUS_MOVE = YES;
				CLANG_WARN_UNGUARDED_AVAILABILITY = YES_AGGRESSIVE;
				CLANG_WARN_UNREACHABLE_CODE = YES;
				CLANG_WARN__DUPLICATE_METHOD_MATCH = YES;
				COPY_PHASE_STRIP = NO;
				DEBUG_INFORMATION_FORMAT = "dwarf-with-dsym";
				ENABLE_NS_ASSERTIONS = NO;
				ENABLE_STRICT_OBJC_MSGSEND = YES;
				ENABLE_USER_SCRIPT_SANDBOXING = YES;
				GCC_C_LANGUAGE_STANDARD = gnu17;
				GCC_NO_COMMON_BLOCKS = YES;
				GCC_WARN_64_TO_32_BIT_CONVERSION = YES;
				GCC_WARN_ABOUT_RETURN_TYPE = YES_ERROR;
				GCC_WARN_UNDECLARED_SELECTOR = YES;
				GCC_WARN_UNINITIALIZED_AUTOS = YES_AGGRESSIVE;
				GCC_WARN_UNUSED_FUNCTION = YES;
				GCC_WARN_UNUSED_VARIABLE = YES;
				IPHONEOS_DEPLOYMENT_TARGET = 17.5;
				LOCALIZATION_PREFERS_STRING_CATALOGS = YES;
				MTL_ENABLE_DEBUG_INFO = NO;
				MTL_FAST_MATH = YES;
				SDKROOT = iphoneos;
				SWIFT_COMPILATION_MODE = wholemodule;
				VALIDATE_PRODUCT = YES;
			};
			name = Release;
		};
		752FED4E2C2B304700B3B477 /* Debug */ = {
			isa = XCBuildConfiguration;
			buildSettings = {
				ASSETCATALOG_COMPILER_APPICON_NAME = AppIcon;
				ASSETCATALOG_COMPILER_GLOBAL_ACCENT_COLOR_NAME = AccentColor;
				CODE_SIGN_STYLE = Automatic;
				CURRENT_PROJECT_VERSION = 1;
				DEVELOPMENT_ASSET_PATHS = "\"africa/Preview Content\"";
				DEVELOPMENT_TEAM = WL3K4A7DH8;
				ENABLE_PREVIEWS = YES;
				GENERATE_INFOPLIST_FILE = YES;
				INFOPLIST_FILE = africa/Info.plist;
				INFOPLIST_KEY_UIApplicationSceneManifest_Generation = YES;
				INFOPLIST_KEY_UIApplicationSupportsIndirectInputEvents = YES;
				INFOPLIST_KEY_UISupportedInterfaceOrientations_iPad = "UIInterfaceOrientationPortrait UIInterfaceOrientationPortraitUpsideDown UIInterfaceOrientationLandscapeLeft UIInterfaceOrientationLandscapeRight";
				INFOPLIST_KEY_UISupportedInterfaceOrientations_iPhone = "UIInterfaceOrientationPortrait UIInterfaceOrientationLandscapeLeft UIInterfaceOrientationLandscapeRight";
				INFOPLIST_KEY_UIUserInterfaceStyle = Dark;
				LD_RUNPATH_SEARCH_PATHS = (
					"$(inherited)",
					"@executable_path/Frameworks",
				);
				MARKETING_VERSION = 1.0;
				PRODUCT_BUNDLE_IDENTIFIER = barisdilekci.africa;
				PRODUCT_NAME = "$(TARGET_NAME)";
				SWIFT_EMIT_LOC_STRINGS = YES;
				SWIFT_VERSION = 5.0;
				TARGETED_DEVICE_FAMILY = "1,2";
			};
			name = Debug;
		};
		752FED4F2C2B304700B3B477 /* Release */ = {
			isa = XCBuildConfiguration;
			buildSettings = {
				ASSETCATALOG_COMPILER_APPICON_NAME = AppIcon;
				ASSETCATALOG_COMPILER_GLOBAL_ACCENT_COLOR_NAME = AccentColor;
				CODE_SIGN_STYLE = Automatic;
				CURRENT_PROJECT_VERSION = 1;
				DEVELOPMENT_ASSET_PATHS = "\"africa/Preview Content\"";
				DEVELOPMENT_TEAM = WL3K4A7DH8;
				ENABLE_PREVIEWS = YES;
				GENERATE_INFOPLIST_FILE = YES;
				INFOPLIST_FILE = africa/Info.plist;
				INFOPLIST_KEY_UIApplicationSceneManifest_Generation = YES;
				INFOPLIST_KEY_UIApplicationSupportsIndirectInputEvents = YES;
				INFOPLIST_KEY_UISupportedInterfaceOrientations_iPad = "UIInterfaceOrientationPortrait UIInterfaceOrientationPortraitUpsideDown UIInterfaceOrientationLandscapeLeft UIInterfaceOrientationLandscapeRight";
				INFOPLIST_KEY_UISupportedInterfaceOrientations_iPhone = "UIInterfaceOrientationPortrait UIInterfaceOrientationLandscapeLeft UIInterfaceOrientationLandscapeRight";
				INFOPLIST_KEY_UIUserInterfaceStyle = Dark;
				LD_RUNPATH_SEARCH_PATHS = (
					"$(inherited)",
					"@executable_path/Frameworks",
				);
				MARKETING_VERSION = 1.0;
				PRODUCT_BUNDLE_IDENTIFIER = barisdilekci.africa;
				PRODUCT_NAME = "$(TARGET_NAME)";
				SWIFT_EMIT_LOC_STRINGS = YES;
				SWIFT_VERSION = 5.0;
				TARGETED_DEVICE_FAMILY = "1,2";
			};
			name = Release;
		};
/* End XCBuildConfiguration section */

/* Begin XCConfigurationList section */
		752FED3A2C2B304600B3B477 /* Build configuration list for PBXProject "africa" */ = {
			isa = XCConfigurationList;
			buildConfigurations = (
				752FED4B2C2B304700B3B477 /* Debug */,
				752FED4C2C2B304700B3B477 /* Release */,
			);
			defaultConfigurationIsVisible = 0;
			defaultConfigurationName = Release;
		};
		752FED4D2C2B304700B3B477 /* Build configuration list for PBXNativeTarget "africa" */ = {
			isa = XCConfigurationList;
			buildConfigurations = (
				752FED4E2C2B304700B3B477 /* Debug */,
				752FED4F2C2B304700B3B477 /* Release */,
			);
			defaultConfigurationIsVisible = 0;
			defaultConfigurationName = Release;
		};
/* End XCConfigurationList section */
	};
	rootObject = 752FED372C2B304500B3B477 /* Project object */;
}
